
Microsoft Visual Studio Solution File, Format Version 12.00
# Visual Studio Version 17
VisualStudioVersion = 17.0.32112.339
MinimumVisualStudioVersion = 10.0.40219.1
Project("{9A19103F-16F7-4668-BE54-9A1E7A4F7556}") = "EnumToByteArray", "EnumToByteArray\EnumToByteArray.csproj", "{B243C081-8D55-4DE6-BE26-F017DA707771}"
EndProject
Project("{9A19103F-16F7-4668-BE54-9A1E7A4F7556}") = "WinApiOutFocusTest", "WinApiOutFocusTest\WinApiOutFocusTest.csproj", "{37CB3EB3-7113-4296-AF9F-1BB94D8F9275}"
EndProject
Project("{9A19103F-16F7-4668-BE54-9A1E7A4F7556}") = "InheritanceTest", "InheritanceTest\InheritanceTest.csproj", "{F8D30F61-1131-4693-A1BC-082B69DEA4C0}"
EndProject
Project("{9A19103F-16F7-4668-BE54-9A1E7A4F7556}") = "MiddlewareOptionsTest", "MiddlewareOptionsTest\MiddlewareOptionsTest.csproj", "{9F8BF524-DFB6-4D26-A9C9-F2CC240D1BD6}"
EndProject
Project("{9A19103F-16F7-4668-BE54-9A1E7A4F7556}") = "LiteDbTest", "LiteDbTest\LiteDbTest.csproj", "{C27D874A-4F23-4147-9344-3C0FD4959D87}"
EndProject
Project("{FAE04EC0-301F-11D3-BF4B-00C04F79EFBC}") = "LiteDbTest2", "LiteDbTest2\LiteDbTest2.csproj", "{5F3983FA-EEA4-418C-8B68-59D58EEA9C43}"
EndProject
Project("{9A19103F-16F7-4668-BE54-9A1E7A4F7556}") = "ConsoleTest", "ConsoleTest\ConsoleTest.csproj", "{2C6A846D-0293-4B3A-86EC-EB949B2BD51A}"
EndProject
Project("{9A19103F-16F7-4668-BE54-9A1E7A4F7556}") = "WebApplication1", "WebApplication1\WebApplication1.csproj", "{0067739C-6500-4B65-98FD-1B774ED6C3BE}"
EndProject
Project("{2150E333-8FDC-42A3-9474-1A3956D46DE8}") = "UniversalTest", "UniversalTest", "{3E862D2C-566E-440A-AD90-EDDDD07DD7CE}"
EndProject
Project("{9A19103F-16F7-4668-BE54-9A1E7A4F7556}") = "Net6LinuxTest", "Net6LinuxTest\Net6LinuxTest.csproj", "{8F9CD853-5877-4584-A928-75B06E682A2B}"
EndProject
Project("{9A19103F-16F7-4668-BE54-9A1E7A4F7556}") = "Net6LinuxTest2", "Net6LinuxTest2\Net6LinuxTest2.csproj", "{E12D7810-DB9E-417F-AD84-EF12FEBACFE6}"
EndProject
Project("{9A19103F-16F7-4668-BE54-9A1E7A4F7556}") = "AspNetReactFull", "AspNetReactFull\AspNetReactFull.csproj", "{0B7E6F0F-84A8-4497-8018-61624397A3B8}"
EndProject
Project("{9A19103F-16F7-4668-BE54-9A1E7A4F7556}") = "ZXingNet_Test", "ZXingNet_Test\ZXingNet_Test.csproj", "{729D3C84-238E-452D-ACFF-E96B617BEA5F}"
EndProject
Project("{9A19103F-16F7-4668-BE54-9A1E7A4F7556}") = "WpfApp1", "WpfApp1\WpfApp1.csproj", "{C291B09B-C234-446A-A4B5-5EAE181CF8E6}"
EndProject
Project("{9A19103F-16F7-4668-BE54-9A1E7A4F7556}") = "ZXingCpp_Wpf", "ZXingCpp_Wpf\ZXingCpp_Wpf.csproj", "{ADD672BA-5941-4BA6-8790-0857B4A608B8}"
EndProject
Project("{9A19103F-16F7-4668-BE54-9A1E7A4F7556}") = "DiVsProvider", "DiVsProvider\DiVsProvider.csproj", "{73196E70-CE5B-4AF6-A58B-1B3BD43DEB43}"
EndProject
Project("{9A19103F-16F7-4668-BE54-9A1E7A4F7556}") = "KeyboardTest", "KeyboardTest\KeyboardTest.csproj", "{66BD9C62-F300-4B22-BA42-C693B2150ECA}"
EndProject
Project("{2150E333-8FDC-42A3-9474-1A3956D46DE8}") = "Web", "Web", "{D44EACA8-1F54-406C-922F-ACE5D25F5E91}"
EndProject
Project("{54A90642-561A-4BB1-A94E-469ADEE60C69}") = "HookTest", "HookTest\HookTest.esproj", "{62BB446A-1EB5-4DFA-A2E9-EEC685D47638}"
EndProject
Project("{FAE04EC0-301F-11D3-BF4B-00C04F79EFBC}") = "EfDbContextTest", "EfDbContextTest\EfDbContextTest.csproj", "{5FF3043C-5921-4686-AFD5-C6C41A5F6F4B}"
EndProject
Project("{FAE04EC0-301F-11D3-BF4B-00C04F79EFBC}") = "ConsoleApp1", "ConsoleApp1\ConsoleApp1.csproj", "{6558FD5F-DF05-4D1B-8CDB-79D2C4113FF4}"
EndProject
Project("{FAE04EC0-301F-11D3-BF4B-00C04F79EFBC}") = "WebApplication2", "WebApplication2\WebApplication2.csproj", "{9D3546AE-5B92-4B8F-BE92-66270CE0D757}"
EndProject
Global
	GlobalSection(SolutionConfigurationPlatforms) = preSolution
		Debug|Any CPU = Debug|Any CPU
		Debug|ARM = Debug|ARM
		Debug|ARM64 = Debug|ARM64
		Debug|x64 = Debug|x64
		Debug|x86 = Debug|x86
		Release|Any CPU = Release|Any CPU
		Release|ARM = Release|ARM
		Release|ARM64 = Release|ARM64
		Release|x64 = Release|x64
		Release|x86 = Release|x86
	EndGlobalSection
	GlobalSection(ProjectConfigurationPlatforms) = postSolution
		{B243C081-8D55-4DE6-BE26-F017DA707771}.Debug|Any CPU.ActiveCfg = Debug|Any CPU
		{B243C081-8D55-4DE6-BE26-F017DA707771}.Debug|Any CPU.Build.0 = Debug|Any CPU
		{B243C081-8D55-4DE6-BE26-F017DA707771}.Debug|ARM.ActiveCfg = Debug|Any CPU
		{B243C081-8D55-4DE6-BE26-F017DA707771}.Debug|ARM.Build.0 = Debug|Any CPU
		{B243C081-8D55-4DE6-BE26-F017DA707771}.Debug|ARM64.ActiveCfg = Debug|Any CPU
		{B243C081-8D55-4DE6-BE26-F017DA707771}.Debug|ARM64.Build.0 = Debug|Any CPU
		{B243C081-8D55-4DE6-BE26-F017DA707771}.Debug|x64.ActiveCfg = Debug|Any CPU
		{B243C081-8D55-4DE6-BE26-F017DA707771}.Debug|x64.Build.0 = Debug|Any CPU
		{B243C081-8D55-4DE6-BE26-F017DA707771}.Debug|x86.ActiveCfg = Debug|Any CPU
		{B243C081-8D55-4DE6-BE26-F017DA707771}.Debug|x86.Build.0 = Debug|Any CPU
		{B243C081-8D55-4DE6-BE26-F017DA707771}.Release|Any CPU.ActiveCfg = Release|Any CPU
		{B243C081-8D55-4DE6-BE26-F017DA707771}.Release|Any CPU.Build.0 = Release|Any CPU
		{B243C081-8D55-4DE6-BE26-F017DA707771}.Release|ARM.ActiveCfg = Release|Any CPU
		{B243C081-8D55-4DE6-BE26-F017DA707771}.Release|ARM.Build.0 = Release|Any CPU
		{B243C081-8D55-4DE6-BE26-F017DA707771}.Release|ARM64.ActiveCfg = Release|Any CPU
		{B243C081-8D55-4DE6-BE26-F017DA707771}.Release|ARM64.Build.0 = Release|Any CPU
		{B243C081-8D55-4DE6-BE26-F017DA707771}.Release|x64.ActiveCfg = Release|Any CPU
		{B243C081-8D55-4DE6-BE26-F017DA707771}.Release|x64.Build.0 = Release|Any CPU
		{B243C081-8D55-4DE6-BE26-F017DA707771}.Release|x86.ActiveCfg = Release|Any CPU
		{B243C081-8D55-4DE6-BE26-F017DA707771}.Release|x86.Build.0 = Release|Any CPU
		{37CB3EB3-7113-4296-AF9F-1BB94D8F9275}.Debug|Any CPU.ActiveCfg = Debug|Any CPU
		{37CB3EB3-7113-4296-AF9F-1BB94D8F9275}.Debug|Any CPU.Build.0 = Debug|Any CPU
		{37CB3EB3-7113-4296-AF9F-1BB94D8F9275}.Debug|ARM.ActiveCfg = Debug|Any CPU
		{37CB3EB3-7113-4296-AF9F-1BB94D8F9275}.Debug|ARM.Build.0 = Debug|Any CPU
		{37CB3EB3-7113-4296-AF9F-1BB94D8F9275}.Debug|ARM64.ActiveCfg = Debug|Any CPU
		{37CB3EB3-7113-4296-AF9F-1BB94D8F9275}.Debug|ARM64.Build.0 = Debug|Any CPU
		{37CB3EB3-7113-4296-AF9F-1BB94D8F9275}.Debug|x64.ActiveCfg = Debug|Any CPU
		{37CB3EB3-7113-4296-AF9F-1BB94D8F9275}.Debug|x64.Build.0 = Debug|Any CPU
		{37CB3EB3-7113-4296-AF9F-1BB94D8F9275}.Debug|x86.ActiveCfg = Debug|Any CPU
		{37CB3EB3-7113-4296-AF9F-1BB94D8F9275}.Debug|x86.Build.0 = Debug|Any CPU
		{37CB3EB3-7113-4296-AF9F-1BB94D8F9275}.Release|Any CPU.ActiveCfg = Release|Any CPU
		{37CB3EB3-7113-4296-AF9F-1BB94D8F9275}.Release|Any CPU.Build.0 = Release|Any CPU
		{37CB3EB3-7113-4296-AF9F-1BB94D8F9275}.Release|ARM.ActiveCfg = Release|Any CPU
		{37CB3EB3-7113-4296-AF9F-1BB94D8F9275}.Release|ARM.Build.0 = Release|Any CPU
		{37CB3EB3-7113-4296-AF9F-1BB94D8F9275}.Release|ARM64.ActiveCfg = Release|Any CPU
		{37CB3EB3-7113-4296-AF9F-1BB94D8F9275}.Release|ARM64.Build.0 = Release|Any CPU
		{37CB3EB3-7113-4296-AF9F-1BB94D8F9275}.Release|x64.ActiveCfg = Release|Any CPU
		{37CB3EB3-7113-4296-AF9F-1BB94D8F9275}.Release|x64.Build.0 = Release|Any CPU
		{37CB3EB3-7113-4296-AF9F-1BB94D8F9275}.Release|x86.ActiveCfg = Release|Any CPU
		{37CB3EB3-7113-4296-AF9F-1BB94D8F9275}.Release|x86.Build.0 = Release|Any CPU
		{F8D30F61-1131-4693-A1BC-082B69DEA4C0}.Debug|Any CPU.ActiveCfg = Debug|Any CPU
		{F8D30F61-1131-4693-A1BC-082B69DEA4C0}.Debug|Any CPU.Build.0 = Debug|Any CPU
		{F8D30F61-1131-4693-A1BC-082B69DEA4C0}.Debug|ARM.ActiveCfg = Debug|Any CPU
		{F8D30F61-1131-4693-A1BC-082B69DEA4C0}.Debug|ARM.Build.0 = Debug|Any CPU
		{F8D30F61-1131-4693-A1BC-082B69DEA4C0}.Debug|ARM64.ActiveCfg = Debug|Any CPU
		{F8D30F61-1131-4693-A1BC-082B69DEA4C0}.Debug|ARM64.Build.0 = Debug|Any CPU
		{F8D30F61-1131-4693-A1BC-082B69DEA4C0}.Debug|x64.ActiveCfg = Debug|Any CPU
		{F8D30F61-1131-4693-A1BC-082B69DEA4C0}.Debug|x64.Build.0 = Debug|Any CPU
		{F8D30F61-1131-4693-A1BC-082B69DEA4C0}.Debug|x86.ActiveCfg = Debug|Any CPU
		{F8D30F61-1131-4693-A1BC-082B69DEA4C0}.Debug|x86.Build.0 = Debug|Any CPU
		{F8D30F61-1131-4693-A1BC-082B69DEA4C0}.Release|Any CPU.ActiveCfg = Release|Any CPU
		{F8D30F61-1131-4693-A1BC-082B69DEA4C0}.Release|Any CPU.Build.0 = Release|Any CPU
		{F8D30F61-1131-4693-A1BC-082B69DEA4C0}.Release|ARM.ActiveCfg = Release|Any CPU
		{F8D30F61-1131-4693-A1BC-082B69DEA4C0}.Release|ARM.Build.0 = Release|Any CPU
		{F8D30F61-1131-4693-A1BC-082B69DEA4C0}.Release|ARM64.ActiveCfg = Release|Any CPU
		{F8D30F61-1131-4693-A1BC-082B69DEA4C0}.Release|ARM64.Build.0 = Release|Any CPU
		{F8D30F61-1131-4693-A1BC-082B69DEA4C0}.Release|x64.ActiveCfg = Release|Any CPU
		{F8D30F61-1131-4693-A1BC-082B69DEA4C0}.Release|x64.Build.0 = Release|Any CPU
		{F8D30F61-1131-4693-A1BC-082B69DEA4C0}.Release|x86.ActiveCfg = Release|Any CPU
		{F8D30F61-1131-4693-A1BC-082B69DEA4C0}.Release|x86.Build.0 = Release|Any CPU
		{9F8BF524-DFB6-4D26-A9C9-F2CC240D1BD6}.Debug|Any CPU.ActiveCfg = Debug|Any CPU
		{9F8BF524-DFB6-4D26-A9C9-F2CC240D1BD6}.Debug|Any CPU.Build.0 = Debug|Any CPU
		{9F8BF524-DFB6-4D26-A9C9-F2CC240D1BD6}.Debug|ARM.ActiveCfg = Debug|Any CPU
		{9F8BF524-DFB6-4D26-A9C9-F2CC240D1BD6}.Debug|ARM.Build.0 = Debug|Any CPU
		{9F8BF524-DFB6-4D26-A9C9-F2CC240D1BD6}.Debug|ARM64.ActiveCfg = Debug|Any CPU
		{9F8BF524-DFB6-4D26-A9C9-F2CC240D1BD6}.Debug|ARM64.Build.0 = Debug|Any CPU
		{9F8BF524-DFB6-4D26-A9C9-F2CC240D1BD6}.Debug|x64.ActiveCfg = Debug|Any CPU
		{9F8BF524-DFB6-4D26-A9C9-F2CC240D1BD6}.Debug|x64.Build.0 = Debug|Any CPU
		{9F8BF524-DFB6-4D26-A9C9-F2CC240D1BD6}.Debug|x86.ActiveCfg = Debug|Any CPU
		{9F8BF524-DFB6-4D26-A9C9-F2CC240D1BD6}.Debug|x86.Build.0 = Debug|Any CPU
		{9F8BF524-DFB6-4D26-A9C9-F2CC240D1BD6}.Release|Any CPU.ActiveCfg = Release|Any CPU
		{9F8BF524-DFB6-4D26-A9C9-F2CC240D1BD6}.Release|Any CPU.Build.0 = Release|Any CPU
		{9F8BF524-DFB6-4D26-A9C9-F2CC240D1BD6}.Release|ARM.ActiveCfg = Release|Any CPU
		{9F8BF524-DFB6-4D26-A9C9-F2CC240D1BD6}.Release|ARM.Build.0 = Release|Any CPU
		{9F8BF524-DFB6-4D26-A9C9-F2CC240D1BD6}.Release|ARM64.ActiveCfg = Release|Any CPU
		{9F8BF524-DFB6-4D26-A9C9-F2CC240D1BD6}.Release|ARM64.Build.0 = Release|Any CPU
		{9F8BF524-DFB6-4D26-A9C9-F2CC240D1BD6}.Release|x64.ActiveCfg = Release|Any CPU
		{9F8BF524-DFB6-4D26-A9C9-F2CC240D1BD6}.Release|x64.Build.0 = Release|Any CPU
		{9F8BF524-DFB6-4D26-A9C9-F2CC240D1BD6}.Release|x86.ActiveCfg = Release|Any CPU
		{9F8BF524-DFB6-4D26-A9C9-F2CC240D1BD6}.Release|x86.Build.0 = Release|Any CPU
		{C27D874A-4F23-4147-9344-3C0FD4959D87}.Debug|Any CPU.ActiveCfg = Debug|Any CPU
		{C27D874A-4F23-4147-9344-3C0FD4959D87}.Debug|Any CPU.Build.0 = Debug|Any CPU
		{C27D874A-4F23-4147-9344-3C0FD4959D87}.Debug|ARM.ActiveCfg = Debug|Any CPU
		{C27D874A-4F23-4147-9344-3C0FD4959D87}.Debug|ARM.Build.0 = Debug|Any CPU
		{C27D874A-4F23-4147-9344-3C0FD4959D87}.Debug|ARM64.ActiveCfg = Debug|Any CPU
		{C27D874A-4F23-4147-9344-3C0FD4959D87}.Debug|ARM64.Build.0 = Debug|Any CPU
		{C27D874A-4F23-4147-9344-3C0FD4959D87}.Debug|x64.ActiveCfg = Debug|Any CPU
		{C27D874A-4F23-4147-9344-3C0FD4959D87}.Debug|x64.Build.0 = Debug|Any CPU
		{C27D874A-4F23-4147-9344-3C0FD4959D87}.Debug|x86.ActiveCfg = Debug|Any CPU
		{C27D874A-4F23-4147-9344-3C0FD4959D87}.Debug|x86.Build.0 = Debug|Any CPU
		{C27D874A-4F23-4147-9344-3C0FD4959D87}.Release|Any CPU.ActiveCfg = Release|Any CPU
		{C27D874A-4F23-4147-9344-3C0FD4959D87}.Release|Any CPU.Build.0 = Release|Any CPU
		{C27D874A-4F23-4147-9344-3C0FD4959D87}.Release|ARM.ActiveCfg = Release|Any CPU
		{C27D874A-4F23-4147-9344-3C0FD4959D87}.Release|ARM.Build.0 = Release|Any CPU
		{C27D874A-4F23-4147-9344-3C0FD4959D87}.Release|ARM64.ActiveCfg = Release|Any CPU
		{C27D874A-4F23-4147-9344-3C0FD4959D87}.Release|ARM64.Build.0 = Release|Any CPU
		{C27D874A-4F23-4147-9344-3C0FD4959D87}.Release|x64.ActiveCfg = Release|Any CPU
		{C27D874A-4F23-4147-9344-3C0FD4959D87}.Release|x64.Build.0 = Release|Any CPU
		{C27D874A-4F23-4147-9344-3C0FD4959D87}.Release|x86.ActiveCfg = Release|Any CPU
		{C27D874A-4F23-4147-9344-3C0FD4959D87}.Release|x86.Build.0 = Release|Any CPU
		{5F3983FA-EEA4-418C-8B68-59D58EEA9C43}.Debug|Any CPU.ActiveCfg = Debug|Any CPU
		{5F3983FA-EEA4-418C-8B68-59D58EEA9C43}.Debug|Any CPU.Build.0 = Debug|Any CPU
		{5F3983FA-EEA4-418C-8B68-59D58EEA9C43}.Debug|ARM.ActiveCfg = Debug|Any CPU
		{5F3983FA-EEA4-418C-8B68-59D58EEA9C43}.Debug|ARM.Build.0 = Debug|Any CPU
		{5F3983FA-EEA4-418C-8B68-59D58EEA9C43}.Debug|ARM64.ActiveCfg = Debug|Any CPU
		{5F3983FA-EEA4-418C-8B68-59D58EEA9C43}.Debug|ARM64.Build.0 = Debug|Any CPU
		{5F3983FA-EEA4-418C-8B68-59D58EEA9C43}.Debug|x64.ActiveCfg = Debug|Any CPU
		{5F3983FA-EEA4-418C-8B68-59D58EEA9C43}.Debug|x64.Build.0 = Debug|Any CPU
		{5F3983FA-EEA4-418C-8B68-59D58EEA9C43}.Debug|x86.ActiveCfg = Debug|Any CPU
		{5F3983FA-EEA4-418C-8B68-59D58EEA9C43}.Debug|x86.Build.0 = Debug|Any CPU
		{5F3983FA-EEA4-418C-8B68-59D58EEA9C43}.Release|Any CPU.ActiveCfg = Release|Any CPU
		{5F3983FA-EEA4-418C-8B68-59D58EEA9C43}.Release|Any CPU.Build.0 = Release|Any CPU
		{5F3983FA-EEA4-418C-8B68-59D58EEA9C43}.Release|ARM.ActiveCfg = Release|Any CPU
		{5F3983FA-EEA4-418C-8B68-59D58EEA9C43}.Release|ARM.Build.0 = Release|Any CPU
		{5F3983FA-EEA4-418C-8B68-59D58EEA9C43}.Release|ARM64.ActiveCfg = Release|Any CPU
		{5F3983FA-EEA4-418C-8B68-59D58EEA9C43}.Release|ARM64.Build.0 = Release|Any CPU
		{5F3983FA-EEA4-418C-8B68-59D58EEA9C43}.Release|x64.ActiveCfg = Release|Any CPU
		{5F3983FA-EEA4-418C-8B68-59D58EEA9C43}.Release|x64.Build.0 = Release|Any CPU
		{5F3983FA-EEA4-418C-8B68-59D58EEA9C43}.Release|x86.ActiveCfg = Release|Any CPU
		{5F3983FA-EEA4-418C-8B68-59D58EEA9C43}.Release|x86.Build.0 = Release|Any CPU
		{2C6A846D-0293-4B3A-86EC-EB949B2BD51A}.Debug|Any CPU.ActiveCfg = Debug|Any CPU
		{2C6A846D-0293-4B3A-86EC-EB949B2BD51A}.Debug|Any CPU.Build.0 = Debug|Any CPU
		{2C6A846D-0293-4B3A-86EC-EB949B2BD51A}.Debug|ARM.ActiveCfg = Debug|Any CPU
		{2C6A846D-0293-4B3A-86EC-EB949B2BD51A}.Debug|ARM.Build.0 = Debug|Any CPU
		{2C6A846D-0293-4B3A-86EC-EB949B2BD51A}.Debug|ARM64.ActiveCfg = Debug|Any CPU
		{2C6A846D-0293-4B3A-86EC-EB949B2BD51A}.Debug|ARM64.Build.0 = Debug|Any CPU
		{2C6A846D-0293-4B3A-86EC-EB949B2BD51A}.Debug|x64.ActiveCfg = Debug|Any CPU
		{2C6A846D-0293-4B3A-86EC-EB949B2BD51A}.Debug|x64.Build.0 = Debug|Any CPU
		{2C6A846D-0293-4B3A-86EC-EB949B2BD51A}.Debug|x86.ActiveCfg = Debug|Any CPU
		{2C6A846D-0293-4B3A-86EC-EB949B2BD51A}.Debug|x86.Build.0 = Debug|Any CPU
		{2C6A846D-0293-4B3A-86EC-EB949B2BD51A}.Release|Any CPU.ActiveCfg = Release|Any CPU
		{2C6A846D-0293-4B3A-86EC-EB949B2BD51A}.Release|Any CPU.Build.0 = Release|Any CPU
		{2C6A846D-0293-4B3A-86EC-EB949B2BD51A}.Release|ARM.ActiveCfg = Release|Any CPU
		{2C6A846D-0293-4B3A-86EC-EB949B2BD51A}.Release|ARM.Build.0 = Release|Any CPU
		{2C6A846D-0293-4B3A-86EC-EB949B2BD51A}.Release|ARM64.ActiveCfg = Release|Any CPU
		{2C6A846D-0293-4B3A-86EC-EB949B2BD51A}.Release|ARM64.Build.0 = Release|Any CPU
		{2C6A846D-0293-4B3A-86EC-EB949B2BD51A}.Release|x64.ActiveCfg = Release|Any CPU
		{2C6A846D-0293-4B3A-86EC-EB949B2BD51A}.Release|x64.Build.0 = Release|Any CPU
		{2C6A846D-0293-4B3A-86EC-EB949B2BD51A}.Release|x86.ActiveCfg = Release|Any CPU
		{2C6A846D-0293-4B3A-86EC-EB949B2BD51A}.Release|x86.Build.0 = Release|Any CPU
		{0067739C-6500-4B65-98FD-1B774ED6C3BE}.Debug|Any CPU.ActiveCfg = Debug|Any CPU
		{0067739C-6500-4B65-98FD-1B774ED6C3BE}.Debug|Any CPU.Build.0 = Debug|Any CPU
		{0067739C-6500-4B65-98FD-1B774ED6C3BE}.Debug|ARM.ActiveCfg = Debug|Any CPU
		{0067739C-6500-4B65-98FD-1B774ED6C3BE}.Debug|ARM.Build.0 = Debug|Any CPU
		{0067739C-6500-4B65-98FD-1B774ED6C3BE}.Debug|ARM64.ActiveCfg = Debug|Any CPU
		{0067739C-6500-4B65-98FD-1B774ED6C3BE}.Debug|ARM64.Build.0 = Debug|Any CPU
		{0067739C-6500-4B65-98FD-1B774ED6C3BE}.Debug|x64.ActiveCfg = Debug|Any CPU
		{0067739C-6500-4B65-98FD-1B774ED6C3BE}.Debug|x64.Build.0 = Debug|Any CPU
		{0067739C-6500-4B65-98FD-1B774ED6C3BE}.Debug|x86.ActiveCfg = Debug|Any CPU
		{0067739C-6500-4B65-98FD-1B774ED6C3BE}.Debug|x86.Build.0 = Debug|Any CPU
		{0067739C-6500-4B65-98FD-1B774ED6C3BE}.Release|Any CPU.ActiveCfg = Release|Any CPU
		{0067739C-6500-4B65-98FD-1B774ED6C3BE}.Release|Any CPU.Build.0 = Release|Any CPU
		{0067739C-6500-4B65-98FD-1B774ED6C3BE}.Release|ARM.ActiveCfg = Release|Any CPU
		{0067739C-6500-4B65-98FD-1B774ED6C3BE}.Release|ARM.Build.0 = Release|Any CPU
		{0067739C-6500-4B65-98FD-1B774ED6C3BE}.Release|ARM64.ActiveCfg = Release|Any CPU
		{0067739C-6500-4B65-98FD-1B774ED6C3BE}.Release|ARM64.Build.0 = Release|Any CPU
		{0067739C-6500-4B65-98FD-1B774ED6C3BE}.Release|x64.ActiveCfg = Release|Any CPU
		{0067739C-6500-4B65-98FD-1B774ED6C3BE}.Release|x64.Build.0 = Release|Any CPU
		{0067739C-6500-4B65-98FD-1B774ED6C3BE}.Release|x86.ActiveCfg = Release|Any CPU
		{0067739C-6500-4B65-98FD-1B774ED6C3BE}.Release|x86.Build.0 = Release|Any CPU
		{8F9CD853-5877-4584-A928-75B06E682A2B}.Debug|Any CPU.ActiveCfg = Debug|Any CPU
		{8F9CD853-5877-4584-A928-75B06E682A2B}.Debug|Any CPU.Build.0 = Debug|Any CPU
		{8F9CD853-5877-4584-A928-75B06E682A2B}.Debug|ARM.ActiveCfg = Debug|Any CPU
		{8F9CD853-5877-4584-A928-75B06E682A2B}.Debug|ARM.Build.0 = Debug|Any CPU
		{8F9CD853-5877-4584-A928-75B06E682A2B}.Debug|ARM64.ActiveCfg = Debug|Any CPU
		{8F9CD853-5877-4584-A928-75B06E682A2B}.Debug|ARM64.Build.0 = Debug|Any CPU
		{8F9CD853-5877-4584-A928-75B06E682A2B}.Debug|x64.ActiveCfg = Debug|Any CPU
		{8F9CD853-5877-4584-A928-75B06E682A2B}.Debug|x64.Build.0 = Debug|Any CPU
		{8F9CD853-5877-4584-A928-75B06E682A2B}.Debug|x86.ActiveCfg = Debug|Any CPU
		{8F9CD853-5877-4584-A928-75B06E682A2B}.Debug|x86.Build.0 = Debug|Any CPU
		{8F9CD853-5877-4584-A928-75B06E682A2B}.Release|Any CPU.ActiveCfg = Release|Any CPU
		{8F9CD853-5877-4584-A928-75B06E682A2B}.Release|Any CPU.Build.0 = Release|Any CPU
		{8F9CD853-5877-4584-A928-75B06E682A2B}.Release|ARM.ActiveCfg = Release|Any CPU
		{8F9CD853-5877-4584-A928-75B06E682A2B}.Release|ARM.Build.0 = Release|Any CPU
		{8F9CD853-5877-4584-A928-75B06E682A2B}.Release|ARM64.ActiveCfg = Release|Any CPU
		{8F9CD853-5877-4584-A928-75B06E682A2B}.Release|ARM64.Build.0 = Release|Any CPU
		{8F9CD853-5877-4584-A928-75B06E682A2B}.Release|x64.ActiveCfg = Release|Any CPU
		{8F9CD853-5877-4584-A928-75B06E682A2B}.Release|x64.Build.0 = Release|Any CPU
		{8F9CD853-5877-4584-A928-75B06E682A2B}.Release|x86.ActiveCfg = Release|Any CPU
		{8F9CD853-5877-4584-A928-75B06E682A2B}.Release|x86.Build.0 = Release|Any CPU
		{E12D7810-DB9E-417F-AD84-EF12FEBACFE6}.Debug|Any CPU.ActiveCfg = Debug|Any CPU
		{E12D7810-DB9E-417F-AD84-EF12FEBACFE6}.Debug|Any CPU.Build.0 = Debug|Any CPU
		{E12D7810-DB9E-417F-AD84-EF12FEBACFE6}.Debug|ARM.ActiveCfg = Debug|Any CPU
		{E12D7810-DB9E-417F-AD84-EF12FEBACFE6}.Debug|ARM.Build.0 = Debug|Any CPU
		{E12D7810-DB9E-417F-AD84-EF12FEBACFE6}.Debug|ARM64.ActiveCfg = Debug|Any CPU
		{E12D7810-DB9E-417F-AD84-EF12FEBACFE6}.Debug|ARM64.Build.0 = Debug|Any CPU
		{E12D7810-DB9E-417F-AD84-EF12FEBACFE6}.Debug|x64.ActiveCfg = Debug|Any CPU
		{E12D7810-DB9E-417F-AD84-EF12FEBACFE6}.Debug|x64.Build.0 = Debug|Any CPU
		{E12D7810-DB9E-417F-AD84-EF12FEBACFE6}.Debug|x86.ActiveCfg = Debug|Any CPU
		{E12D7810-DB9E-417F-AD84-EF12FEBACFE6}.Debug|x86.Build.0 = Debug|Any CPU
		{E12D7810-DB9E-417F-AD84-EF12FEBACFE6}.Release|Any CPU.ActiveCfg = Release|Any CPU
		{E12D7810-DB9E-417F-AD84-EF12FEBACFE6}.Release|Any CPU.Build.0 = Release|Any CPU
		{E12D7810-DB9E-417F-AD84-EF12FEBACFE6}.Release|ARM.ActiveCfg = Release|Any CPU
		{E12D7810-DB9E-417F-AD84-EF12FEBACFE6}.Release|ARM.Build.0 = Release|Any CPU
		{E12D7810-DB9E-417F-AD84-EF12FEBACFE6}.Release|ARM64.ActiveCfg = Release|Any CPU
		{E12D7810-DB9E-417F-AD84-EF12FEBACFE6}.Release|ARM64.Build.0 = Release|Any CPU
		{E12D7810-DB9E-417F-AD84-EF12FEBACFE6}.Release|x64.ActiveCfg = Release|Any CPU
		{E12D7810-DB9E-417F-AD84-EF12FEBACFE6}.Release|x64.Build.0 = Release|Any CPU
		{E12D7810-DB9E-417F-AD84-EF12FEBACFE6}.Release|x86.ActiveCfg = Release|Any CPU
		{E12D7810-DB9E-417F-AD84-EF12FEBACFE6}.Release|x86.Build.0 = Release|Any CPU
		{0B7E6F0F-84A8-4497-8018-61624397A3B8}.Debug|Any CPU.ActiveCfg = Debug|Any CPU
		{0B7E6F0F-84A8-4497-8018-61624397A3B8}.Debug|Any CPU.Build.0 = Debug|Any CPU
		{0B7E6F0F-84A8-4497-8018-61624397A3B8}.Debug|ARM.ActiveCfg = Debug|Any CPU
		{0B7E6F0F-84A8-4497-8018-61624397A3B8}.Debug|ARM.Build.0 = Debug|Any CPU
		{0B7E6F0F-84A8-4497-8018-61624397A3B8}.Debug|ARM64.ActiveCfg = Debug|Any CPU
		{0B7E6F0F-84A8-4497-8018-61624397A3B8}.Debug|ARM64.Build.0 = Debug|Any CPU
		{0B7E6F0F-84A8-4497-8018-61624397A3B8}.Debug|x64.ActiveCfg = Debug|Any CPU
		{0B7E6F0F-84A8-4497-8018-61624397A3B8}.Debug|x64.Build.0 = Debug|Any CPU
		{0B7E6F0F-84A8-4497-8018-61624397A3B8}.Debug|x86.ActiveCfg = Debug|Any CPU
		{0B7E6F0F-84A8-4497-8018-61624397A3B8}.Debug|x86.Build.0 = Debug|Any CPU
		{0B7E6F0F-84A8-4497-8018-61624397A3B8}.Release|Any CPU.ActiveCfg = Release|Any CPU
		{0B7E6F0F-84A8-4497-8018-61624397A3B8}.Release|Any CPU.Build.0 = Release|Any CPU
		{0B7E6F0F-84A8-4497-8018-61624397A3B8}.Release|ARM.ActiveCfg = Release|Any CPU
		{0B7E6F0F-84A8-4497-8018-61624397A3B8}.Release|ARM.Build.0 = Release|Any CPU
		{0B7E6F0F-84A8-4497-8018-61624397A3B8}.Release|ARM64.ActiveCfg = Release|Any CPU
		{0B7E6F0F-84A8-4497-8018-61624397A3B8}.Release|ARM64.Build.0 = Release|Any CPU
		{0B7E6F0F-84A8-4497-8018-61624397A3B8}.Release|x64.ActiveCfg = Release|Any CPU
		{0B7E6F0F-84A8-4497-8018-61624397A3B8}.Release|x64.Build.0 = Release|Any CPU
		{0B7E6F0F-84A8-4497-8018-61624397A3B8}.Release|x86.ActiveCfg = Release|Any CPU
		{0B7E6F0F-84A8-4497-8018-61624397A3B8}.Release|x86.Build.0 = Release|Any CPU
		{729D3C84-238E-452D-ACFF-E96B617BEA5F}.Debug|Any CPU.ActiveCfg = Debug|Any CPU
		{729D3C84-238E-452D-ACFF-E96B617BEA5F}.Debug|Any CPU.Build.0 = Debug|Any CPU
		{729D3C84-238E-452D-ACFF-E96B617BEA5F}.Debug|ARM.ActiveCfg = Debug|Any CPU
		{729D3C84-238E-452D-ACFF-E96B617BEA5F}.Debug|ARM.Build.0 = Debug|Any CPU
		{729D3C84-238E-452D-ACFF-E96B617BEA5F}.Debug|ARM64.ActiveCfg = Debug|Any CPU
		{729D3C84-238E-452D-ACFF-E96B617BEA5F}.Debug|ARM64.Build.0 = Debug|Any CPU
		{729D3C84-238E-452D-ACFF-E96B617BEA5F}.Debug|x64.ActiveCfg = Debug|Any CPU
		{729D3C84-238E-452D-ACFF-E96B617BEA5F}.Debug|x64.Build.0 = Debug|Any CPU
		{729D3C84-238E-452D-ACFF-E96B617BEA5F}.Debug|x86.ActiveCfg = Debug|Any CPU
		{729D3C84-238E-452D-ACFF-E96B617BEA5F}.Debug|x86.Build.0 = Debug|Any CPU
		{729D3C84-238E-452D-ACFF-E96B617BEA5F}.Release|Any CPU.ActiveCfg = Release|Any CPU
		{729D3C84-238E-452D-ACFF-E96B617BEA5F}.Release|Any CPU.Build.0 = Release|Any CPU
		{729D3C84-238E-452D-ACFF-E96B617BEA5F}.Release|ARM.ActiveCfg = Release|Any CPU
		{729D3C84-238E-452D-ACFF-E96B617BEA5F}.Release|ARM.Build.0 = Release|Any CPU
		{729D3C84-238E-452D-ACFF-E96B617BEA5F}.Release|ARM64.ActiveCfg = Release|Any CPU
		{729D3C84-238E-452D-ACFF-E96B617BEA5F}.Release|ARM64.Build.0 = Release|Any CPU
		{729D3C84-238E-452D-ACFF-E96B617BEA5F}.Release|x64.ActiveCfg = Release|Any CPU
		{729D3C84-238E-452D-ACFF-E96B617BEA5F}.Release|x64.Build.0 = Release|Any CPU
		{729D3C84-238E-452D-ACFF-E96B617BEA5F}.Release|x86.ActiveCfg = Release|Any CPU
		{729D3C84-238E-452D-ACFF-E96B617BEA5F}.Release|x86.Build.0 = Release|Any CPU
		{C291B09B-C234-446A-A4B5-5EAE181CF8E6}.Debug|Any CPU.ActiveCfg = Debug|Any CPU
		{C291B09B-C234-446A-A4B5-5EAE181CF8E6}.Debug|Any CPU.Build.0 = Debug|Any CPU
		{C291B09B-C234-446A-A4B5-5EAE181CF8E6}.Debug|ARM.ActiveCfg = Debug|Any CPU
		{C291B09B-C234-446A-A4B5-5EAE181CF8E6}.Debug|ARM.Build.0 = Debug|Any CPU
		{C291B09B-C234-446A-A4B5-5EAE181CF8E6}.Debug|ARM64.ActiveCfg = Debug|Any CPU
		{C291B09B-C234-446A-A4B5-5EAE181CF8E6}.Debug|ARM64.Build.0 = Debug|Any CPU
		{C291B09B-C234-446A-A4B5-5EAE181CF8E6}.Debug|x64.ActiveCfg = Debug|Any CPU
		{C291B09B-C234-446A-A4B5-5EAE181CF8E6}.Debug|x64.Build.0 = Debug|Any CPU
		{C291B09B-C234-446A-A4B5-5EAE181CF8E6}.Debug|x86.ActiveCfg = Debug|Any CPU
		{C291B09B-C234-446A-A4B5-5EAE181CF8E6}.Debug|x86.Build.0 = Debug|Any CPU
		{C291B09B-C234-446A-A4B5-5EAE181CF8E6}.Release|Any CPU.ActiveCfg = Release|Any CPU
		{C291B09B-C234-446A-A4B5-5EAE181CF8E6}.Release|Any CPU.Build.0 = Release|Any CPU
		{C291B09B-C234-446A-A4B5-5EAE181CF8E6}.Release|ARM.ActiveCfg = Release|Any CPU
		{C291B09B-C234-446A-A4B5-5EAE181CF8E6}.Release|ARM.Build.0 = Release|Any CPU
		{C291B09B-C234-446A-A4B5-5EAE181CF8E6}.Release|ARM64.ActiveCfg = Release|Any CPU
		{C291B09B-C234-446A-A4B5-5EAE181CF8E6}.Release|ARM64.Build.0 = Release|Any CPU
		{C291B09B-C234-446A-A4B5-5EAE181CF8E6}.Release|x64.ActiveCfg = Release|Any CPU
		{C291B09B-C234-446A-A4B5-5EAE181CF8E6}.Release|x64.Build.0 = Release|Any CPU
		{C291B09B-C234-446A-A4B5-5EAE181CF8E6}.Release|x86.ActiveCfg = Release|Any CPU
		{C291B09B-C234-446A-A4B5-5EAE181CF8E6}.Release|x86.Build.0 = Release|Any CPU
		{ADD672BA-5941-4BA6-8790-0857B4A608B8}.Debug|Any CPU.ActiveCfg = Debug|Any CPU
		{ADD672BA-5941-4BA6-8790-0857B4A608B8}.Debug|Any CPU.Build.0 = Debug|Any CPU
		{ADD672BA-5941-4BA6-8790-0857B4A608B8}.Debug|ARM.ActiveCfg = Debug|Any CPU
		{ADD672BA-5941-4BA6-8790-0857B4A608B8}.Debug|ARM.Build.0 = Debug|Any CPU
		{ADD672BA-5941-4BA6-8790-0857B4A608B8}.Debug|ARM64.ActiveCfg = Debug|Any CPU
		{ADD672BA-5941-4BA6-8790-0857B4A608B8}.Debug|ARM64.Build.0 = Debug|Any CPU
		{ADD672BA-5941-4BA6-8790-0857B4A608B8}.Debug|x64.ActiveCfg = Debug|Any CPU
		{ADD672BA-5941-4BA6-8790-0857B4A608B8}.Debug|x64.Build.0 = Debug|Any CPU
		{ADD672BA-5941-4BA6-8790-0857B4A608B8}.Debug|x86.ActiveCfg = Debug|Any CPU
		{ADD672BA-5941-4BA6-8790-0857B4A608B8}.Debug|x86.Build.0 = Debug|Any CPU
		{ADD672BA-5941-4BA6-8790-0857B4A608B8}.Release|Any CPU.ActiveCfg = Release|Any CPU
		{ADD672BA-5941-4BA6-8790-0857B4A608B8}.Release|Any CPU.Build.0 = Release|Any CPU
		{ADD672BA-5941-4BA6-8790-0857B4A608B8}.Release|ARM.ActiveCfg = Release|Any CPU
		{ADD672BA-5941-4BA6-8790-0857B4A608B8}.Release|ARM.Build.0 = Release|Any CPU
		{ADD672BA-5941-4BA6-8790-0857B4A608B8}.Release|ARM64.ActiveCfg = Release|Any CPU
		{ADD672BA-5941-4BA6-8790-0857B4A608B8}.Release|ARM64.Build.0 = Release|Any CPU
		{ADD672BA-5941-4BA6-8790-0857B4A608B8}.Release|x64.ActiveCfg = Release|Any CPU
		{ADD672BA-5941-4BA6-8790-0857B4A608B8}.Release|x64.Build.0 = Release|Any CPU
		{ADD672BA-5941-4BA6-8790-0857B4A608B8}.Release|x86.ActiveCfg = Release|Any CPU
		{ADD672BA-5941-4BA6-8790-0857B4A608B8}.Release|x86.Build.0 = Release|Any CPU
		{73196E70-CE5B-4AF6-A58B-1B3BD43DEB43}.Debug|Any CPU.ActiveCfg = Debug|Any CPU
		{73196E70-CE5B-4AF6-A58B-1B3BD43DEB43}.Debug|Any CPU.Build.0 = Debug|Any CPU
		{73196E70-CE5B-4AF6-A58B-1B3BD43DEB43}.Debug|ARM.ActiveCfg = Debug|Any CPU
		{73196E70-CE5B-4AF6-A58B-1B3BD43DEB43}.Debug|ARM.Build.0 = Debug|Any CPU
		{73196E70-CE5B-4AF6-A58B-1B3BD43DEB43}.Debug|ARM64.ActiveCfg = Debug|Any CPU
		{73196E70-CE5B-4AF6-A58B-1B3BD43DEB43}.Debug|ARM64.Build.0 = Debug|Any CPU
		{73196E70-CE5B-4AF6-A58B-1B3BD43DEB43}.Debug|x64.ActiveCfg = Debug|Any CPU
		{73196E70-CE5B-4AF6-A58B-1B3BD43DEB43}.Debug|x64.Build.0 = Debug|Any CPU
		{73196E70-CE5B-4AF6-A58B-1B3BD43DEB43}.Debug|x86.ActiveCfg = Debug|Any CPU
		{73196E70-CE5B-4AF6-A58B-1B3BD43DEB43}.Debug|x86.Build.0 = Debug|Any CPU
		{73196E70-CE5B-4AF6-A58B-1B3BD43DEB43}.Release|Any CPU.ActiveCfg = Release|Any CPU
		{73196E70-CE5B-4AF6-A58B-1B3BD43DEB43}.Release|Any CPU.Build.0 = Release|Any CPU
		{73196E70-CE5B-4AF6-A58B-1B3BD43DEB43}.Release|ARM.ActiveCfg = Release|Any CPU
		{73196E70-CE5B-4AF6-A58B-1B3BD43DEB43}.Release|ARM.Build.0 = Release|Any CPU
		{73196E70-CE5B-4AF6-A58B-1B3BD43DEB43}.Release|ARM64.ActiveCfg = Release|Any CPU
		{73196E70-CE5B-4AF6-A58B-1B3BD43DEB43}.Release|ARM64.Build.0 = Release|Any CPU
		{73196E70-CE5B-4AF6-A58B-1B3BD43DEB43}.Release|x64.ActiveCfg = Release|Any CPU
		{73196E70-CE5B-4AF6-A58B-1B3BD43DEB43}.Release|x64.Build.0 = Release|Any CPU
		{73196E70-CE5B-4AF6-A58B-1B3BD43DEB43}.Release|x86.ActiveCfg = Release|Any CPU
		{73196E70-CE5B-4AF6-A58B-1B3BD43DEB43}.Release|x86.Build.0 = Release|Any CPU
		{66BD9C62-F300-4B22-BA42-C693B2150ECA}.Debug|Any CPU.ActiveCfg = Debug|Any CPU
		{66BD9C62-F300-4B22-BA42-C693B2150ECA}.Debug|Any CPU.Build.0 = Debug|Any CPU
		{66BD9C62-F300-4B22-BA42-C693B2150ECA}.Debug|ARM.ActiveCfg = Debug|Any CPU
		{66BD9C62-F300-4B22-BA42-C693B2150ECA}.Debug|ARM.Build.0 = Debug|Any CPU
		{66BD9C62-F300-4B22-BA42-C693B2150ECA}.Debug|ARM64.ActiveCfg = Debug|Any CPU
		{66BD9C62-F300-4B22-BA42-C693B2150ECA}.Debug|ARM64.Build.0 = Debug|Any CPU
		{66BD9C62-F300-4B22-BA42-C693B2150ECA}.Debug|x64.ActiveCfg = Debug|Any CPU
		{66BD9C62-F300-4B22-BA42-C693B2150ECA}.Debug|x64.Build.0 = Debug|Any CPU
		{66BD9C62-F300-4B22-BA42-C693B2150ECA}.Debug|x86.ActiveCfg = Debug|Any CPU
		{66BD9C62-F300-4B22-BA42-C693B2150ECA}.Debug|x86.Build.0 = Debug|Any CPU
		{66BD9C62-F300-4B22-BA42-C693B2150ECA}.Release|Any CPU.ActiveCfg = Release|Any CPU
		{66BD9C62-F300-4B22-BA42-C693B2150ECA}.Release|Any CPU.Build.0 = Release|Any CPU
		{66BD9C62-F300-4B22-BA42-C693B2150ECA}.Release|ARM.ActiveCfg = Release|Any CPU
		{66BD9C62-F300-4B22-BA42-C693B2150ECA}.Release|ARM.Build.0 = Release|Any CPU
		{66BD9C62-F300-4B22-BA42-C693B2150ECA}.Release|ARM64.ActiveCfg = Release|Any CPU
		{66BD9C62-F300-4B22-BA42-C693B2150ECA}.Release|ARM64.Build.0 = Release|Any CPU
		{66BD9C62-F300-4B22-BA42-C693B2150ECA}.Release|x64.ActiveCfg = Release|Any CPU
		{66BD9C62-F300-4B22-BA42-C693B2150ECA}.Release|x64.Build.0 = Release|Any CPU
		{66BD9C62-F300-4B22-BA42-C693B2150ECA}.Release|x86.ActiveCfg = Release|Any CPU
		{66BD9C62-F300-4B22-BA42-C693B2150ECA}.Release|x86.Build.0 = Release|Any CPU
		{62BB446A-1EB5-4DFA-A2E9-EEC685D47638}.Debug|Any CPU.ActiveCfg = Debug|Any CPU
		{62BB446A-1EB5-4DFA-A2E9-EEC685D47638}.Debug|Any CPU.Build.0 = Debug|Any CPU
		{62BB446A-1EB5-4DFA-A2E9-EEC685D47638}.Debug|Any CPU.Deploy.0 = Debug|Any CPU
		{62BB446A-1EB5-4DFA-A2E9-EEC685D47638}.Debug|ARM.ActiveCfg = Debug|Any CPU
		{62BB446A-1EB5-4DFA-A2E9-EEC685D47638}.Debug|ARM.Build.0 = Debug|Any CPU
		{62BB446A-1EB5-4DFA-A2E9-EEC685D47638}.Debug|ARM.Deploy.0 = Debug|Any CPU
		{62BB446A-1EB5-4DFA-A2E9-EEC685D47638}.Debug|ARM64.ActiveCfg = Debug|Any CPU
		{62BB446A-1EB5-4DFA-A2E9-EEC685D47638}.Debug|ARM64.Build.0 = Debug|Any CPU
		{62BB446A-1EB5-4DFA-A2E9-EEC685D47638}.Debug|ARM64.Deploy.0 = Debug|Any CPU
		{62BB446A-1EB5-4DFA-A2E9-EEC685D47638}.Debug|x64.ActiveCfg = Debug|Any CPU
		{62BB446A-1EB5-4DFA-A2E9-EEC685D47638}.Debug|x64.Build.0 = Debug|Any CPU
		{62BB446A-1EB5-4DFA-A2E9-EEC685D47638}.Debug|x64.Deploy.0 = Debug|Any CPU
		{62BB446A-1EB5-4DFA-A2E9-EEC685D47638}.Debug|x86.ActiveCfg = Debug|Any CPU
		{62BB446A-1EB5-4DFA-A2E9-EEC685D47638}.Debug|x86.Build.0 = Debug|Any CPU
		{62BB446A-1EB5-4DFA-A2E9-EEC685D47638}.Debug|x86.Deploy.0 = Debug|Any CPU
		{62BB446A-1EB5-4DFA-A2E9-EEC685D47638}.Release|Any CPU.ActiveCfg = Release|Any CPU
		{62BB446A-1EB5-4DFA-A2E9-EEC685D47638}.Release|Any CPU.Build.0 = Release|Any CPU
		{62BB446A-1EB5-4DFA-A2E9-EEC685D47638}.Release|Any CPU.Deploy.0 = Release|Any CPU
		{62BB446A-1EB5-4DFA-A2E9-EEC685D47638}.Release|ARM.ActiveCfg = Release|Any CPU
		{62BB446A-1EB5-4DFA-A2E9-EEC685D47638}.Release|ARM.Build.0 = Release|Any CPU
		{62BB446A-1EB5-4DFA-A2E9-EEC685D47638}.Release|ARM.Deploy.0 = Release|Any CPU
		{62BB446A-1EB5-4DFA-A2E9-EEC685D47638}.Release|ARM64.ActiveCfg = Release|Any CPU
		{62BB446A-1EB5-4DFA-A2E9-EEC685D47638}.Release|ARM64.Build.0 = Release|Any CPU
		{62BB446A-1EB5-4DFA-A2E9-EEC685D47638}.Release|ARM64.Deploy.0 = Release|Any CPU
		{62BB446A-1EB5-4DFA-A2E9-EEC685D47638}.Release|x64.ActiveCfg = Release|Any CPU
		{62BB446A-1EB5-4DFA-A2E9-EEC685D47638}.Release|x64.Build.0 = Release|Any CPU
		{62BB446A-1EB5-4DFA-A2E9-EEC685D47638}.Release|x64.Deploy.0 = Release|Any CPU
		{62BB446A-1EB5-4DFA-A2E9-EEC685D47638}.Release|x86.ActiveCfg = Release|Any CPU
		{62BB446A-1EB5-4DFA-A2E9-EEC685D47638}.Release|x86.Build.0 = Release|Any CPU
		{62BB446A-1EB5-4DFA-A2E9-EEC685D47638}.Release|x86.Deploy.0 = Release|Any CPU
		{5FF3043C-5921-4686-AFD5-C6C41A5F6F4B}.Debug|Any CPU.ActiveCfg = Debug|Any CPU
		{5FF3043C-5921-4686-AFD5-C6C41A5F6F4B}.Debug|Any CPU.Build.0 = Debug|Any CPU
		{5FF3043C-5921-4686-AFD5-C6C41A5F6F4B}.Debug|ARM.ActiveCfg = Debug|Any CPU
		{5FF3043C-5921-4686-AFD5-C6C41A5F6F4B}.Debug|ARM.Build.0 = Debug|Any CPU
		{5FF3043C-5921-4686-AFD5-C6C41A5F6F4B}.Debug|ARM64.ActiveCfg = Debug|Any CPU
		{5FF3043C-5921-4686-AFD5-C6C41A5F6F4B}.Debug|ARM64.Build.0 = Debug|Any CPU
		{5FF3043C-5921-4686-AFD5-C6C41A5F6F4B}.Debug|x64.ActiveCfg = Debug|Any CPU
		{5FF3043C-5921-4686-AFD5-C6C41A5F6F4B}.Debug|x64.Build.0 = Debug|Any CPU
		{5FF3043C-5921-4686-AFD5-C6C41A5F6F4B}.Debug|x86.ActiveCfg = Debug|Any CPU
		{5FF3043C-5921-4686-AFD5-C6C41A5F6F4B}.Debug|x86.Build.0 = Debug|Any CPU
		{5FF3043C-5921-4686-AFD5-C6C41A5F6F4B}.Release|Any CPU.ActiveCfg = Release|Any CPU
		{5FF3043C-5921-4686-AFD5-C6C41A5F6F4B}.Release|Any CPU.Build.0 = Release|Any CPU
		{5FF3043C-5921-4686-AFD5-C6C41A5F6F4B}.Release|ARM.ActiveCfg = Release|Any CPU
		{5FF3043C-5921-4686-AFD5-C6C41A5F6F4B}.Release|ARM.Build.0 = Release|Any CPU
		{5FF3043C-5921-4686-AFD5-C6C41A5F6F4B}.Release|ARM64.ActiveCfg = Release|Any CPU
		{5FF3043C-5921-4686-AFD5-C6C41A5F6F4B}.Release|ARM64.Build.0 = Release|Any CPU
		{5FF3043C-5921-4686-AFD5-C6C41A5F6F4B}.Release|x64.ActiveCfg = Release|Any CPU
		{5FF3043C-5921-4686-AFD5-C6C41A5F6F4B}.Release|x64.Build.0 = Release|Any CPU
		{5FF3043C-5921-4686-AFD5-C6C41A5F6F4B}.Release|x86.ActiveCfg = Release|Any CPU
		{5FF3043C-5921-4686-AFD5-C6C41A5F6F4B}.Release|x86.Build.0 = Release|Any CPU
		{6558FD5F-DF05-4D1B-8CDB-79D2C4113FF4}.Debug|Any CPU.ActiveCfg = Debug|Any CPU
		{6558FD5F-DF05-4D1B-8CDB-79D2C4113FF4}.Debug|Any CPU.Build.0 = Debug|Any CPU
		{6558FD5F-DF05-4D1B-8CDB-79D2C4113FF4}.Debug|ARM.ActiveCfg = Debug|Any CPU
		{6558FD5F-DF05-4D1B-8CDB-79D2C4113FF4}.Debug|ARM.Build.0 = Debug|Any CPU
		{6558FD5F-DF05-4D1B-8CDB-79D2C4113FF4}.Debug|ARM64.ActiveCfg = Debug|Any CPU
		{6558FD5F-DF05-4D1B-8CDB-79D2C4113FF4}.Debug|ARM64.Build.0 = Debug|Any CPU
		{6558FD5F-DF05-4D1B-8CDB-79D2C4113FF4}.Debug|x64.ActiveCfg = Debug|Any CPU
		{6558FD5F-DF05-4D1B-8CDB-79D2C4113FF4}.Debug|x64.Build.0 = Debug|Any CPU
		{6558FD5F-DF05-4D1B-8CDB-79D2C4113FF4}.Debug|x86.ActiveCfg = Debug|Any CPU
		{6558FD5F-DF05-4D1B-8CDB-79D2C4113FF4}.Debug|x86.Build.0 = Debug|Any CPU
		{6558FD5F-DF05-4D1B-8CDB-79D2C4113FF4}.Release|Any CPU.ActiveCfg = Release|Any CPU
		{6558FD5F-DF05-4D1B-8CDB-79D2C4113FF4}.Release|Any CPU.Build.0 = Release|Any CPU
		{6558FD5F-DF05-4D1B-8CDB-79D2C4113FF4}.Release|ARM.ActiveCfg = Release|Any CPU
		{6558FD5F-DF05-4D1B-8CDB-79D2C4113FF4}.Release|ARM.Build.0 = Release|Any CPU
		{6558FD5F-DF05-4D1B-8CDB-79D2C4113FF4}.Release|ARM64.ActiveCfg = Release|Any CPU
		{6558FD5F-DF05-4D1B-8CDB-79D2C4113FF4}.Release|ARM64.Build.0 = Release|Any CPU
		{6558FD5F-DF05-4D1B-8CDB-79D2C4113FF4}.Release|x64.ActiveCfg = Release|Any CPU
		{6558FD5F-DF05-4D1B-8CDB-79D2C4113FF4}.Release|x64.Build.0 = Release|Any CPU
		{6558FD5F-DF05-4D1B-8CDB-79D2C4113FF4}.Release|x86.ActiveCfg = Release|Any CPU
		{6558FD5F-DF05-4D1B-8CDB-79D2C4113FF4}.Release|x86.Build.0 = Release|Any CPU
		{9D3546AE-5B92-4B8F-BE92-66270CE0D757}.Debug|Any CPU.ActiveCfg = Debug|Any CPU
		{9D3546AE-5B92-4B8F-BE92-66270CE0D757}.Debug|Any CPU.Build.0 = Debug|Any CPU
		{9D3546AE-5B92-4B8F-BE92-66270CE0D757}.Debug|ARM.ActiveCfg = Debug|Any CPU
		{9D3546AE-5B92-4B8F-BE92-66270CE0D757}.Debug|ARM.Build.0 = Debug|Any CPU
		{9D3546AE-5B92-4B8F-BE92-66270CE0D757}.Debug|ARM64.ActiveCfg = Debug|Any CPU
		{9D3546AE-5B92-4B8F-BE92-66270CE0D757}.Debug|ARM64.Build.0 = Debug|Any CPU
		{9D3546AE-5B92-4B8F-BE92-66270CE0D757}.Debug|x64.ActiveCfg = Debug|Any CPU
		{9D3546AE-5B92-4B8F-BE92-66270CE0D757}.Debug|x64.Build.0 = Debug|Any CPU
		{9D3546AE-5B92-4B8F-BE92-66270CE0D757}.Debug|x86.ActiveCfg = Debug|Any CPU
		{9D3546AE-5B92-4B8F-BE92-66270CE0D757}.Debug|x86.Build.0 = Debug|Any CPU
		{9D3546AE-5B92-4B8F-BE92-66270CE0D757}.Release|Any CPU.ActiveCfg = Release|Any CPU
		{9D3546AE-5B92-4B8F-BE92-66270CE0D757}.Release|Any CPU.Build.0 = Release|Any CPU
		{9D3546AE-5B92-4B8F-BE92-66270CE0D757}.Release|ARM.ActiveCfg = Release|Any CPU
		{9D3546AE-5B92-4B8F-BE92-66270CE0D757}.Release|ARM.Build.0 = Release|Any CPU
		{9D3546AE-5B92-4B8F-BE92-66270CE0D757}.Release|ARM64.ActiveCfg = Release|Any CPU
		{9D3546AE-5B92-4B8F-BE92-66270CE0D757}.Release|ARM64.Build.0 = Release|Any CPU
		{9D3546AE-5B92-4B8F-BE92-66270CE0D757}.Release|x64.ActiveCfg = Release|Any CPU
		{9D3546AE-5B92-4B8F-BE92-66270CE0D757}.Release|x64.Build.0 = Release|Any CPU
		{9D3546AE-5B92-4B8F-BE92-66270CE0D757}.Release|x86.ActiveCfg = Release|Any CPU
		{9D3546AE-5B92-4B8F-BE92-66270CE0D757}.Release|x86.Build.0 = Release|Any CPU
	EndGlobalSection
	GlobalSection(SolutionProperties) = preSolution
		HideSolutionNode = FALSE
	EndGlobalSection
	GlobalSection(NestedProjects) = preSolution
		{2C6A846D-0293-4B3A-86EC-EB949B2BD51A} = {3E862D2C-566E-440A-AD90-EDDDD07DD7CE}
		{0067739C-6500-4B65-98FD-1B774ED6C3BE} = {3E862D2C-566E-440A-AD90-EDDDD07DD7CE}
		{62BB446A-1EB5-4DFA-A2E9-EEC685D47638} = {D44EACA8-1F54-406C-922F-ACE5D25F5E91}
	EndGlobalSection
	GlobalSection(ExtensibilityGlobals) = postSolution
		SolutionGuid = {D8AE8ED7-B58F-45E9-8A8B-7FBD05A254B6}
	EndGlobalSection
EndGlobal
